
Microsoft Visual Studio Solution File, Format Version 12.00
# Visual Studio Version 17
VisualStudioVersion = 17.13.35828.75
MinimumVisualStudioVersion = 10.0.40219.1
Project("{FAE04EC0-301F-11D3-BF4B-00C04F79EFBC}") = "CarConnect", "CarConnect\CarConnect.csproj", "{0A0E07EE-E67B-4054-BF2D-FABE0292E634}"
EndProject
Project("{FAE04EC0-301F-11D3-BF4B-00C04F79EFBC}") = "CarConnectTest", "CarConnectTest\CarConnectTest.csproj", "{9306BC2B-0EEA-45DE-B16B-18D94D24157E}"
EndProject
Global
	GlobalSection(SolutionConfigurationPlatforms) = preSolution
		Debug|Any CPU = Debug|Any CPU
		Release|Any CPU = Release|Any CPU
	EndGlobalSection
	GlobalSection(ProjectConfigurationPlatforms) = postSolution
		{0A0E07EE-E67B-4054-BF2D-FABE0292E634}.Debug|Any CPU.ActiveCfg = Debug|Any CPU
		{0A0E07EE-E67B-4054-BF2D-FABE0292E634}.Debug|Any CPU.Build.0 = Debug|Any CPU
		{0A0E07EE-E67B-4054-BF2D-FABE0292E634}.Release|Any CPU.ActiveCfg = Release|Any CPU
		{0A0E07EE-E67B-4054-BF2D-FABE0292E634}.Release|Any CPU.Build.0 = Release|Any CPU
		{9306BC2B-0EEA-45DE-B16B-18D94D24157E}.Debug|Any CPU.ActiveCfg = Debug|Any CPU
		{9306BC2B-0EEA-45DE-B16B-18D94D24157E}.Debug|Any CPU.Build.0 = Debug|Any CPU
		{9306BC2B-0EEA-45DE-B16B-18D94D24157E}.Release|Any CPU.ActiveCfg = Release|Any CPU
		{9306BC2B-0EEA-45DE-B16B-18D94D24157E}.Release|Any CPU.Build.0 = Release|Any CPU
	EndGlobalSection
	GlobalSection(SolutionProperties) = preSolution
		HideSolutionNode = FALSE
	EndGlobalSection
	GlobalSection(ExtensibilityGlobals) = postSolution
		SolutionGuid = {551AA1BA-E997-4D81-9A66-BB5AFF8F4CD6}
	EndGlobalSection
EndGlobal
